
Microsoft Visual Studio Solution File, Format Version 12.00
# Visual Studio Version 16
VisualStudioVersion = 16.0.31911.196
MinimumVisualStudioVersion = 10.0.40219.1
Project("{FAE04EC0-301F-11D3-BF4B-00C04F79EFBC}") = "VideoAssignment", "VideoAssignment\VideoAssignment.csproj", "{6DBECF55-5C2E-4D3A-BC38-0761F5B2E21C}"
EndProject
Global
	GlobalSection(SolutionConfigurationPlatforms) = preSolution
		Debug|Any CPU = Debug|Any CPU
		Release|Any CPU = Release|Any CPU
	EndGlobalSection
	GlobalSection(ProjectConfigurationPlatforms) = postSolution
		{6DBECF55-5C2E-4D3A-BC38-0761F5B2E21C}.Debug|Any CPU.ActiveCfg = Debug|Any CPU
		{6DBECF55-5C2E-4D3A-BC38-0761F5B2E21C}.Debug|Any CPU.Build.0 = Debug|Any CPU
		{6DBECF55-5C2E-4D3A-BC38-0761F5B2E21C}.Release|Any CPU.ActiveCfg = Release|Any CPU
		{6DBECF55-5C2E-4D3A-BC38-0761F5B2E21C}.Release|Any CPU.Build.0 = Release|Any CPU
	EndGlobalSection
	GlobalSection(SolutionProperties) = preSolution
		HideSolutionNode = FALSE
	EndGlobalSection
	GlobalSection(ExtensibilityGlobals) = postSolution
		SolutionGuid = {E5735685-CE50-4E9C-8073-270EA0EBFCCA}
	EndGlobalSection
EndGlobal
